// !$*UTF8*$!
{
	archiveVersion = 1;
	classes = {
	};
	objectVersion = 56;
	objects = {

/* Begin PBXBuildFile section */
		72064A2E2AD93265008B8DB3 /* CalculatorButton.swift in Sources */ = {isa = PBXBuildFile; fileRef = 72064A2D2AD93265008B8DB3 /* CalculatorButton.swift */; };
		72064A302AD932A5008B8DB3 /* CalcColor.swift in Sources */ = {isa = PBXBuildFile; fileRef = 72064A2F2AD932A5008B8DB3 /* CalcColor.swift */; };
		72064A322AD932E6008B8DB3 /* DisplayView.swift in Sources */ = {isa = PBXBuildFile; fileRef = 72064A312AD932E6008B8DB3 /* DisplayView.swift */; };
		72064A342AD93311008B8DB3 /* CalculatorButtonsError.swift in Sources */ = {isa = PBXBuildFile; fileRef = 72064A332AD93311008B8DB3 /* CalculatorButtonsError.swift */; };
		72064A362AD93349008B8DB3 /* CalculatorGridView.swift in Sources */ = {isa = PBXBuildFile; fileRef = 72064A352AD93349008B8DB3 /* CalculatorGridView.swift */; };
		72064A382AD933DB008B8DB3 /* CalculatorButtonView.swift in Sources */ = {isa = PBXBuildFile; fileRef = 72064A372AD933DB008B8DB3 /* CalculatorButtonView.swift */; };
		723621262ADEBBE800444B66 /* Localizable.strings in Resources */ = {isa = PBXBuildFile; fileRef = 723621252ADEBBE800444B66 /* Localizable.strings */; };
		723621282ADEBFC600444B66 /* LocalizedTextUI.swift in Sources */ = {isa = PBXBuildFile; fileRef = 723621272ADEBFC600444B66 /* LocalizedTextUI.swift */; };
		7236212B2ADED6AD00444B66 /* AlertView.swift in Sources */ = {isa = PBXBuildFile; fileRef = 7236212A2ADED6AD00444B66 /* AlertView.swift */; };
		723AB0AE2ADE95FC0063AEC6 /* StringExtensions.swift in Sources */ = {isa = PBXBuildFile; fileRef = 723AB0AD2ADE95FC0063AEC6 /* StringExtensions.swift */; };
		723AB0B02ADE96090063AEC6 /* NumberFormatterManager.swift in Sources */ = {isa = PBXBuildFile; fileRef = 723AB0AF2ADE96090063AEC6 /* NumberFormatterManager.swift */; };
		723AB0B22ADE961A0063AEC6 /* DecimalExtensions.swift in Sources */ = {isa = PBXBuildFile; fileRef = 723AB0B12ADE961A0063AEC6 /* DecimalExtensions.swift */; };
		723AB0B42ADE96270063AEC6 /* CalculationFunctions.swift in Sources */ = {isa = PBXBuildFile; fileRef = 723AB0B32ADE96270063AEC6 /* CalculationFunctions.swift */; };
		723AB0B62ADE963B0063AEC6 /* SafeReciprocalProtocol.swift in Sources */ = {isa = PBXBuildFile; fileRef = 723AB0B52ADE963B0063AEC6 /* SafeReciprocalProtocol.swift */; };
		72405F082AD7CDF000A92BD7 /* CalculatorModel.swift in Sources */ = {isa = PBXBuildFile; fileRef = 72405F072AD7CDF000A92BD7 /* CalculatorModel.swift */; };
		72405F0A2AD7CE0C00A92BD7 /* CalculatorViewModel.swift in Sources */ = {isa = PBXBuildFile; fileRef = 72405F092AD7CE0C00A92BD7 /* CalculatorViewModel.swift */; };
		72405F0C2AD8090800A92BD7 /* OperationEnum.swift in Sources */ = {isa = PBXBuildFile; fileRef = 72405F0B2AD8090800A92BD7 /* OperationEnum.swift */; };
		72CED7B82AD66D23007DF702 /* CalcLeo8HrApp.swift in Sources */ = {isa = PBXBuildFile; fileRef = 72CED7B72AD66D23007DF702 /* CalcLeo8HrApp.swift */; };
		72CED7BA2AD66D23007DF702 /* ContentView.swift in Sources */ = {isa = PBXBuildFile; fileRef = 72CED7B92AD66D23007DF702 /* ContentView.swift */; };
		72CED7BC2AD66D24007DF702 /* Assets.xcassets in Resources */ = {isa = PBXBuildFile; fileRef = 72CED7BB2AD66D24007DF702 /* Assets.xcassets */; };
		72CED7BF2AD66D24007DF702 /* Preview Assets.xcassets in Resources */ = {isa = PBXBuildFile; fileRef = 72CED7BE2AD66D24007DF702 /* Preview Assets.xcassets */; };
		72CED7C92AD66D24007DF702 /* CalcLeo8HrTests.swift in Sources */ = {isa = PBXBuildFile; fileRef = 72CED7C82AD66D24007DF702 /* CalcLeo8HrTests.swift */; };
		72CED7D32AD66D24007DF702 /* CalcLeo8HrUITests.swift in Sources */ = {isa = PBXBuildFile; fileRef = 72CED7D22AD66D24007DF702 /* CalcLeo8HrUITests.swift */; };
		72CED7D52AD66D24007DF702 /* CalcLeo8HrUITestsLaunchTests.swift in Sources */ = {isa = PBXBuildFile; fileRef = 72CED7D42AD66D24007DF702 /* CalcLeo8HrUITestsLaunchTests.swift */; };
		72CED7E22AD6C3A1007DF702 /* ErrorHandling.swift in Sources */ = {isa = PBXBuildFile; fileRef = 72CED7E12AD6C3A1007DF702 /* ErrorHandling.swift */; };
		72CED7E42AD6C3B2007DF702 /* Logging.swift in Sources */ = {isa = PBXBuildFile; fileRef = 72CED7E32AD6C3B2007DF702 /* Logging.swift */; };
/* End PBXBuildFile section */

/* Begin PBXContainerItemProxy section */
		72CED7C52AD66D24007DF702 /* PBXContainerItemProxy */ = {
			isa = PBXContainerItemProxy;
			containerPortal = 72CED7AC2AD66D23007DF702 /* Project object */;
			proxyType = 1;
			remoteGlobalIDString = 72CED7B32AD66D23007DF702;
			remoteInfo = CalcLeo8Hr;
		};
		72CED7CF2AD66D24007DF702 /* PBXContainerItemProxy */ = {
			isa = PBXContainerItemProxy;
			containerPortal = 72CED7AC2AD66D23007DF702 /* Project object */;
			proxyType = 1;
			remoteGlobalIDString = 72CED7B32AD66D23007DF702;
			remoteInfo = CalcLeo8Hr;
		};
/* End PBXContainerItemProxy section */

/* Begin PBXFileReference section */
		72064A2D2AD93265008B8DB3 /* CalculatorButton.swift */ = {isa = PBXFileReference; lastKnownFileType = sourcecode.swift; path = CalculatorButton.swift; sourceTree = "<group>"; };
		72064A2F2AD932A5008B8DB3 /* CalcColor.swift */ = {isa = PBXFileReference; lastKnownFileType = sourcecode.swift; path = CalcColor.swift; sourceTree = "<group>"; };
		72064A312AD932E6008B8DB3 /* DisplayView.swift */ = {isa = PBXFileReference; lastKnownFileType = sourcecode.swift; path = DisplayView.swift; sourceTree = "<group>"; };
		72064A332AD93311008B8DB3 /* CalculatorButtonsError.swift */ = {isa = PBXFileReference; lastKnownFileType = sourcecode.swift; path = CalculatorButtonsError.swift; sourceTree = "<group>"; };
		72064A352AD93349008B8DB3 /* CalculatorGridView.swift */ = {isa = PBXFileReference; lastKnownFileType = sourcecode.swift; path = CalculatorGridView.swift; sourceTree = "<group>"; };
		72064A372AD933DB008B8DB3 /* CalculatorButtonView.swift */ = {isa = PBXFileReference; lastKnownFileType = sourcecode.swift; path = CalculatorButtonView.swift; sourceTree = "<group>"; };
		723621252ADEBBE800444B66 /* Localizable.strings */ = {isa = PBXFileReference; lastKnownFileType = text.plist.strings; path = Localizable.strings; sourceTree = "<group>"; };
		723621272ADEBFC600444B66 /* LocalizedTextUI.swift */ = {isa = PBXFileReference; lastKnownFileType = sourcecode.swift; path = LocalizedTextUI.swift; sourceTree = "<group>"; };
		7236212A2ADED6AD00444B66 /* AlertView.swift */ = {isa = PBXFileReference; lastKnownFileType = sourcecode.swift; path = AlertView.swift; sourceTree = "<group>"; };
		723AB0AD2ADE95FC0063AEC6 /* StringExtensions.swift */ = {isa = PBXFileReference; lastKnownFileType = sourcecode.swift; path = StringExtensions.swift; sourceTree = "<group>"; };
		723AB0AF2ADE96090063AEC6 /* NumberFormatterManager.swift */ = {isa = PBXFileReference; lastKnownFileType = sourcecode.swift; path = NumberFormatterManager.swift; sourceTree = "<group>"; };
		723AB0B12ADE961A0063AEC6 /* DecimalExtensions.swift */ = {isa = PBXFileReference; lastKnownFileType = sourcecode.swift; path = DecimalExtensions.swift; sourceTree = "<group>"; };
		723AB0B32ADE96270063AEC6 /* CalculationFunctions.swift */ = {isa = PBXFileReference; lastKnownFileType = sourcecode.swift; path = CalculationFunctions.swift; sourceTree = "<group>"; };
		723AB0B52ADE963B0063AEC6 /* SafeReciprocalProtocol.swift */ = {isa = PBXFileReference; lastKnownFileType = sourcecode.swift; path = SafeReciprocalProtocol.swift; sourceTree = "<group>"; };
		72405F072AD7CDF000A92BD7 /* CalculatorModel.swift */ = {isa = PBXFileReference; lastKnownFileType = sourcecode.swift; path = CalculatorModel.swift; sourceTree = "<group>"; };
		72405F092AD7CE0C00A92BD7 /* CalculatorViewModel.swift */ = {isa = PBXFileReference; lastKnownFileType = sourcecode.swift; path = CalculatorViewModel.swift; sourceTree = "<group>"; };
		72405F0B2AD8090800A92BD7 /* OperationEnum.swift */ = {isa = PBXFileReference; lastKnownFileType = sourcecode.swift; path = OperationEnum.swift; sourceTree = "<group>"; };
		72CED7B42AD66D23007DF702 /* CalcLeo8Hr.app */ = {isa = PBXFileReference; explicitFileType = wrapper.application; includeInIndex = 0; path = CalcLeo8Hr.app; sourceTree = BUILT_PRODUCTS_DIR; };
		72CED7B72AD66D23007DF702 /* CalcLeo8HrApp.swift */ = {isa = PBXFileReference; lastKnownFileType = sourcecode.swift; path = CalcLeo8HrApp.swift; sourceTree = "<group>"; };
		72CED7B92AD66D23007DF702 /* ContentView.swift */ = {isa = PBXFileReference; lastKnownFileType = sourcecode.swift; path = ContentView.swift; sourceTree = "<group>"; };
		72CED7BB2AD66D24007DF702 /* Assets.xcassets */ = {isa = PBXFileReference; lastKnownFileType = folder.assetcatalog; path = Assets.xcassets; sourceTree = "<group>"; };
		72CED7BE2AD66D24007DF702 /* Preview Assets.xcassets */ = {isa = PBXFileReference; lastKnownFileType = folder.assetcatalog; path = "Preview Assets.xcassets"; sourceTree = "<group>"; };
		72CED7C42AD66D24007DF702 /* CalcLeo8HrTests.xctest */ = {isa = PBXFileReference; explicitFileType = wrapper.cfbundle; includeInIndex = 0; path = CalcLeo8HrTests.xctest; sourceTree = BUILT_PRODUCTS_DIR; };
		72CED7C82AD66D24007DF702 /* CalcLeo8HrTests.swift */ = {isa = PBXFileReference; lastKnownFileType = sourcecode.swift; path = CalcLeo8HrTests.swift; sourceTree = "<group>"; };
		72CED7CE2AD66D24007DF702 /* CalcLeo8HrUITests.xctest */ = {isa = PBXFileReference; explicitFileType = wrapper.cfbundle; includeInIndex = 0; path = CalcLeo8HrUITests.xctest; sourceTree = BUILT_PRODUCTS_DIR; };
		72CED7D22AD66D24007DF702 /* CalcLeo8HrUITests.swift */ = {isa = PBXFileReference; lastKnownFileType = sourcecode.swift; path = CalcLeo8HrUITests.swift; sourceTree = "<group>"; };
		72CED7D42AD66D24007DF702 /* CalcLeo8HrUITestsLaunchTests.swift */ = {isa = PBXFileReference; lastKnownFileType = sourcecode.swift; path = CalcLeo8HrUITestsLaunchTests.swift; sourceTree = "<group>"; };
		72CED7E12AD6C3A1007DF702 /* ErrorHandling.swift */ = {isa = PBXFileReference; lastKnownFileType = sourcecode.swift; path = ErrorHandling.swift; sourceTree = "<group>"; };
		72CED7E32AD6C3B2007DF702 /* Logging.swift */ = {isa = PBXFileReference; lastKnownFileType = sourcecode.swift; path = Logging.swift; sourceTree = "<group>"; };
/* End PBXFileReference section */

/* Begin PBXFrameworksBuildPhase section */
		72CED7B12AD66D23007DF702 /* Frameworks */ = {
			isa = PBXFrameworksBuildPhase;
			buildActionMask = 2147483647;
			files = (
			);
			runOnlyForDeploymentPostprocessing = 0;
		};
		72CED7C12AD66D24007DF702 /* Frameworks */ = {
			isa = PBXFrameworksBuildPhase;
			buildActionMask = 2147483647;
			files = (
			);
			runOnlyForDeploymentPostprocessing = 0;
		};
		72CED7CB2AD66D24007DF702 /* Frameworks */ = {
			isa = PBXFrameworksBuildPhase;
			buildActionMask = 2147483647;
			files = (
			);
			runOnlyForDeploymentPostprocessing = 0;
		};
/* End PBXFrameworksBuildPhase section */

/* Begin PBXGroup section */
		72064A3A2AD936AD008B8DB3 /* Views */ = {
			isa = PBXGroup;
			children = (
				72CED7B92AD66D23007DF702 /* ContentView.swift */,
				7236212A2ADED6AD00444B66 /* AlertView.swift */,
				72064A372AD933DB008B8DB3 /* CalculatorButtonView.swift */,
				72064A2D2AD93265008B8DB3 /* CalculatorButton.swift */,
				723621292ADEC7C200444B66 /* Localization */,
				72064A352AD93349008B8DB3 /* CalculatorGridView.swift */,
				72064A332AD93311008B8DB3 /* CalculatorButtonsError.swift */,
				72064A312AD932E6008B8DB3 /* DisplayView.swift */,
				72064A2F2AD932A5008B8DB3 /* CalcColor.swift */,
			);
			path = Views;
			sourceTree = "<group>";
		};
		723621292ADEC7C200444B66 /* Localization */ = {
			isa = PBXGroup;
			children = (
				723621272ADEBFC600444B66 /* LocalizedTextUI.swift */,
				723621252ADEBBE800444B66 /* Localizable.strings */,
			);
			path = Localization;
			sourceTree = "<group>";
		};
		723AB0B72ADE970D0063AEC6 /* PrecisionMath */ = {
			isa = PBXGroup;
			children = (
				723AB0AD2ADE95FC0063AEC6 /* StringExtensions.swift */,
				723AB0B52ADE963B0063AEC6 /* SafeReciprocalProtocol.swift */,
				723AB0B12ADE961A0063AEC6 /* DecimalExtensions.swift */,
				723AB0B32ADE96270063AEC6 /* CalculationFunctions.swift */,
				723AB0AF2ADE96090063AEC6 /* NumberFormatterManager.swift */,
			);
			path = PrecisionMath;
			sourceTree = "<group>";
		};
		72CED7AB2AD66D23007DF702 = {
			isa = PBXGroup;
			children = (
				72CED7B62AD66D23007DF702 /* CalcLeo8Hr */,
				72CED7C72AD66D24007DF702 /* CalcLeo8HrTests */,
				72CED7D12AD66D24007DF702 /* CalcLeo8HrUITests */,
				72CED7B52AD66D23007DF702 /* Products */,
			);
			sourceTree = "<group>";
		};
		72CED7B52AD66D23007DF702 /* Products */ = {
			isa = PBXGroup;
			children = (
				72CED7B42AD66D23007DF702 /* CalcLeo8Hr.app */,
				72CED7C42AD66D24007DF702 /* CalcLeo8HrTests.xctest */,
				72CED7CE2AD66D24007DF702 /* CalcLeo8HrUITests.xctest */,
			);
			name = Products;
			sourceTree = "<group>";
		};
		72CED7B62AD66D23007DF702 /* CalcLeo8Hr */ = {
			isa = PBXGroup;
			children = (
				72CED7B72AD66D23007DF702 /* CalcLeo8HrApp.swift */,
				72064A3A2AD936AD008B8DB3 /* Views */,
				72405F0B2AD8090800A92BD7 /* OperationEnum.swift */,
				72405F072AD7CDF000A92BD7 /* CalculatorModel.swift */,
				723AB0B72ADE970D0063AEC6 /* PrecisionMath */,
				72405F092AD7CE0C00A92BD7 /* CalculatorViewModel.swift */,
				72CED7E12AD6C3A1007DF702 /* ErrorHandling.swift */,
				72CED7E32AD6C3B2007DF702 /* Logging.swift */,
				72CED7BB2AD66D24007DF702 /* Assets.xcassets */,
				72CED7BD2AD66D24007DF702 /* Preview Content */,
			);
			path = CalcLeo8Hr;
			sourceTree = "<group>";
		};
		72CED7BD2AD66D24007DF702 /* Preview Content */ = {
			isa = PBXGroup;
			children = (
				72CED7BE2AD66D24007DF702 /* Preview Assets.xcassets */,
			);
			path = "Preview Content";
			sourceTree = "<group>";
		};
		72CED7C72AD66D24007DF702 /* CalcLeo8HrTests */ = {
			isa = PBXGroup;
			children = (
				72CED7C82AD66D24007DF702 /* CalcLeo8HrTests.swift */,
			);
			path = CalcLeo8HrTests;
			sourceTree = "<group>";
		};
		72CED7D12AD66D24007DF702 /* CalcLeo8HrUITests */ = {
			isa = PBXGroup;
			children = (
				72CED7D22AD66D24007DF702 /* CalcLeo8HrUITests.swift */,
				72CED7D42AD66D24007DF702 /* CalcLeo8HrUITestsLaunchTests.swift */,
			);
			path = CalcLeo8HrUITests;
			sourceTree = "<group>";
		};
/* End PBXGroup section */

/* Begin PBXNativeTarget section */
		72CED7B32AD66D23007DF702 /* CalcLeo8Hr */ = {
			isa = PBXNativeTarget;
			buildConfigurationList = 72CED7D82AD66D24007DF702 /* Build configuration list for PBXNativeTarget "CalcLeo8Hr" */;
			buildPhases = (
				72CED7B02AD66D23007DF702 /* Sources */,
				72CED7B12AD66D23007DF702 /* Frameworks */,
				72CED7B22AD66D23007DF702 /* Resources */,
			);
			buildRules = (
			);
			dependencies = (
			);
			name = CalcLeo8Hr;
			productName = CalcLeo8Hr;
			productReference = 72CED7B42AD66D23007DF702 /* CalcLeo8Hr.app */;
			productType = "com.apple.product-type.application";
		};
		72CED7C32AD66D24007DF702 /* CalcLeo8HrTests */ = {
			isa = PBXNativeTarget;
			buildConfigurationList = 72CED7DB2AD66D24007DF702 /* Build configuration list for PBXNativeTarget "CalcLeo8HrTests" */;
			buildPhases = (
				72CED7C02AD66D24007DF702 /* Sources */,
				72CED7C12AD66D24007DF702 /* Frameworks */,
				72CED7C22AD66D24007DF702 /* Resources */,
			);
			buildRules = (
			);
			dependencies = (
				72CED7C62AD66D24007DF702 /* PBXTargetDependency */,
			);
			name = CalcLeo8HrTests;
			productName = CalcLeo8HrTests;
			productReference = 72CED7C42AD66D24007DF702 /* CalcLeo8HrTests.xctest */;
			productType = "com.apple.product-type.bundle.unit-test";
		};
		72CED7CD2AD66D24007DF702 /* CalcLeo8HrUITests */ = {
			isa = PBXNativeTarget;
			buildConfigurationList = 72CED7DE2AD66D24007DF702 /* Build configuration list for PBXNativeTarget "CalcLeo8HrUITests" */;
			buildPhases = (
				72CED7CA2AD66D24007DF702 /* Sources */,
				72CED7CB2AD66D24007DF702 /* Frameworks */,
				72CED7CC2AD66D24007DF702 /* Resources */,
			);
			buildRules = (
			);
			dependencies = (
				72CED7D02AD66D24007DF702 /* PBXTargetDependency */,
			);
			name = CalcLeo8HrUITests;
			productName = CalcLeo8HrUITests;
			productReference = 72CED7CE2AD66D24007DF702 /* CalcLeo8HrUITests.xctest */;
			productType = "com.apple.product-type.bundle.ui-testing";
		};
/* End PBXNativeTarget section */

/* Begin PBXProject section */
		72CED7AC2AD66D23007DF702 /* Project object */ = {
			isa = PBXProject;
			attributes = {
				BuildIndependentTargetsInParallel = 1;
				LastSwiftUpdateCheck = 1500;
				LastUpgradeCheck = 1500;
				TargetAttributes = {
					72CED7B32AD66D23007DF702 = {
						CreatedOnToolsVersion = 15.0;
					};
					72CED7C32AD66D24007DF702 = {
						CreatedOnToolsVersion = 15.0;
						TestTargetID = 72CED7B32AD66D23007DF702;
					};
					72CED7CD2AD66D24007DF702 = {
						CreatedOnToolsVersion = 15.0;
						TestTargetID = 72CED7B32AD66D23007DF702;
					};
				};
			};
			buildConfigurationList = 72CED7AF2AD66D23007DF702 /* Build configuration list for PBXProject "CalcLeo8Hr" */;
			compatibilityVersion = "Xcode 14.0";
			developmentRegion = en;
			hasScannedForEncodings = 0;
			knownRegions = (
				en,
				Base,
			);
			mainGroup = 72CED7AB2AD66D23007DF702;
			productRefGroup = 72CED7B52AD66D23007DF702 /* Products */;
			projectDirPath = "";
			projectRoot = "";
			targets = (
				72CED7B32AD66D23007DF702 /* CalcLeo8Hr */,
				72CED7C32AD66D24007DF702 /* CalcLeo8HrTests */,
				72CED7CD2AD66D24007DF702 /* CalcLeo8HrUITests */,
			);
		};
/* End PBXProject section */

/* Begin PBXResourcesBuildPhase section */
		72CED7B22AD66D23007DF702 /* Resources */ = {
			isa = PBXResourcesBuildPhase;
			buildActionMask = 2147483647;
			files = (
				72CED7BF2AD66D24007DF702 /* Preview Assets.xcassets in Resources */,
				723621262ADEBBE800444B66 /* Localizable.strings in Resources */,
				72CED7BC2AD66D24007DF702 /* Assets.xcassets in Resources */,
			);
			runOnlyForDeploymentPostprocessing = 0;
		};
		72CED7C22AD66D24007DF702 /* Resources */ = {
			isa = PBXResourcesBuildPhase;
			buildActionMask = 2147483647;
			files = (
			);
			runOnlyForDeploymentPostprocessing = 0;
		};
		72CED7CC2AD66D24007DF702 /* Resources */ = {
			isa = PBXResourcesBuildPhase;
			buildActionMask = 2147483647;
			files = (
			);
			runOnlyForDeploymentPostprocessing = 0;
		};
/* End PBXResourcesBuildPhase section */

/* Begin PBXSourcesBuildPhase section */
		72CED7B02AD66D23007DF702 /* Sources */ = {
			isa = PBXSourcesBuildPhase;
			buildActionMask = 2147483647;
			files = (
				72CED7E22AD6C3A1007DF702 /* ErrorHandling.swift in Sources */,
				72064A342AD93311008B8DB3 /* CalculatorButtonsError.swift in Sources */,
				72405F082AD7CDF000A92BD7 /* CalculatorModel.swift in Sources */,
				72064A382AD933DB008B8DB3 /* CalculatorButtonView.swift in Sources */,
				72405F0C2AD8090800A92BD7 /* OperationEnum.swift in Sources */,
				7236212B2ADED6AD00444B66 /* AlertView.swift in Sources */,
				72064A322AD932E6008B8DB3 /* DisplayView.swift in Sources */,
				72CED7BA2AD66D23007DF702 /* ContentView.swift in Sources */,
				72064A362AD93349008B8DB3 /* CalculatorGridView.swift in Sources */,
				723621282ADEBFC600444B66 /* LocalizedTextUI.swift in Sources */,
				72CED7B82AD66D23007DF702 /* CalcLeo8HrApp.swift in Sources */,
				72064A302AD932A5008B8DB3 /* CalcColor.swift in Sources */,
				723AB0B62ADE963B0063AEC6 /* SafeReciprocalProtocol.swift in Sources */,
				723AB0B22ADE961A0063AEC6 /* DecimalExtensions.swift in Sources */,
				72405F0A2AD7CE0C00A92BD7 /* CalculatorViewModel.swift in Sources */,
				723AB0B42ADE96270063AEC6 /* CalculationFunctions.swift in Sources */,
				723AB0AE2ADE95FC0063AEC6 /* StringExtensions.swift in Sources */,
				72CED7E42AD6C3B2007DF702 /* Logging.swift in Sources */,
				72064A2E2AD93265008B8DB3 /* CalculatorButton.swift in Sources */,
				723AB0B02ADE96090063AEC6 /* NumberFormatterManager.swift in Sources */,
			);
			runOnlyForDeploymentPostprocessing = 0;
		};
		72CED7C02AD66D24007DF702 /* Sources */ = {
			isa = PBXSourcesBuildPhase;
			buildActionMask = 2147483647;
			files = (
				72CED7C92AD66D24007DF702 /* CalcLeo8HrTests.swift in Sources */,
			);
			runOnlyForDeploymentPostprocessing = 0;
		};
		72CED7CA2AD66D24007DF702 /* Sources */ = {
			isa = PBXSourcesBuildPhase;
			buildActionMask = 2147483647;
			files = (
				72CED7D32AD66D24007DF702 /* CalcLeo8HrUITests.swift in Sources */,
				72CED7D52AD66D24007DF702 /* CalcLeo8HrUITestsLaunchTests.swift in Sources */,
			);
			runOnlyForDeploymentPostprocessing = 0;
		};
/* End PBXSourcesBuildPhase section */

/* Begin PBXTargetDependency section */
		72CED7C62AD66D24007DF702 /* PBXTargetDependency */ = {
			isa = PBXTargetDependency;
			target = 72CED7B32AD66D23007DF702 /* CalcLeo8Hr */;
			targetProxy = 72CED7C52AD66D24007DF702 /* PBXContainerItemProxy */;
		};
		72CED7D02AD66D24007DF702 /* PBXTargetDependency */ = {
			isa = PBXTargetDependency;
			target = 72CED7B32AD66D23007DF702 /* CalcLeo8Hr */;
			targetProxy = 72CED7CF2AD66D24007DF702 /* PBXContainerItemProxy */;
		};
/* End PBXTargetDependency section */

/* Begin XCBuildConfiguration section */
		72CED7D62AD66D24007DF702 /* Debug */ = {
			isa = XCBuildConfiguration;
			buildSettings = {
				ALWAYS_SEARCH_USER_PATHS = NO;
				ASSETCATALOG_COMPILER_GENERATE_SWIFT_ASSET_SYMBOL_EXTENSIONS = YES;
				CLANG_ANALYZER_NONNULL = YES;
				CLANG_ANALYZER_NUMBER_OBJECT_CONVERSION = YES_AGGRESSIVE;
				CLANG_CXX_LANGUAGE_STANDARD = "gnu++20";
				CLANG_ENABLE_MODULES = YES;
				CLANG_ENABLE_OBJC_ARC = YES;
				CLANG_ENABLE_OBJC_WEAK = YES;
				CLANG_WARN_BLOCK_CAPTURE_AUTORELEASING = YES;
				CLANG_WARN_BOOL_CONVERSION = YES;
				CLANG_WARN_COMMA = YES;
				CLANG_WARN_CONSTANT_CONVERSION = YES;
				CLANG_WARN_DEPRECATED_OBJC_IMPLEMENTATIONS = YES;
				CLANG_WARN_DIRECT_OBJC_ISA_USAGE = YES_ERROR;
				CLANG_WARN_DOCUMENTATION_COMMENTS = YES;
				CLANG_WARN_EMPTY_BODY = YES;
				CLANG_WARN_ENUM_CONVERSION = YES;
				CLANG_WARN_INFINITE_RECURSION = YES;
				CLANG_WARN_INT_CONVERSION = YES;
				CLANG_WARN_NON_LITERAL_NULL_CONVERSION = YES;
				CLANG_WARN_OBJC_IMPLICIT_RETAIN_SELF = YES;
				CLANG_WARN_OBJC_LITERAL_CONVERSION = YES;
				CLANG_WARN_OBJC_ROOT_CLASS = YES_ERROR;
				CLANG_WARN_QUOTED_INCLUDE_IN_FRAMEWORK_HEADER = YES;
				CLANG_WARN_RANGE_LOOP_ANALYSIS = YES;
				CLANG_WARN_STRICT_PROTOTYPES = YES;
				CLANG_WARN_SUSPICIOUS_MOVE = YES;
				CLANG_WARN_UNGUARDED_AVAILABILITY = YES_AGGRESSIVE;
				CLANG_WARN_UNREACHABLE_CODE = YES;
				CLANG_WARN__DUPLICATE_METHOD_MATCH = YES;
				COPY_PHASE_STRIP = NO;
				DEBUG_INFORMATION_FORMAT = dwarf;
				ENABLE_STRICT_OBJC_MSGSEND = YES;
				ENABLE_TESTABILITY = YES;
				ENABLE_USER_SCRIPT_SANDBOXING = YES;
				GCC_C_LANGUAGE_STANDARD = gnu17;
				GCC_DYNAMIC_NO_PIC = NO;
				GCC_NO_COMMON_BLOCKS = YES;
				GCC_OPTIMIZATION_LEVEL = 0;
				GCC_PREPROCESSOR_DEFINITIONS = (
					"DEBUG=1",
					"$(inherited)",
				);
				GCC_WARN_64_TO_32_BIT_CONVERSION = YES;
				GCC_WARN_ABOUT_RETURN_TYPE = YES_ERROR;
				GCC_WARN_UNDECLARED_SELECTOR = YES;
				GCC_WARN_UNINITIALIZED_AUTOS = YES_AGGRESSIVE;
				GCC_WARN_UNUSED_FUNCTION = YES;
				GCC_WARN_UNUSED_VARIABLE = YES;
				IPHONEOS_DEPLOYMENT_TARGET = 15.6;
				LOCALIZATION_PREFERS_STRING_CATALOGS = YES;
				MTL_ENABLE_DEBUG_INFO = INCLUDE_SOURCE;
				MTL_FAST_MATH = YES;
				ONLY_ACTIVE_ARCH = YES;
				SDKROOT = iphoneos;
				SWIFT_ACTIVE_COMPILATION_CONDITIONS = "DEBUG $(inherited)";
				SWIFT_OPTIMIZATION_LEVEL = "-Onone";
			};
			name = Debug;
		};
		72CED7D72AD66D24007DF702 /* Release */ = {
			isa = XCBuildConfiguration;
			buildSettings = {
				ALWAYS_SEARCH_USER_PATHS = NO;
				ASSETCATALOG_COMPILER_GENERATE_SWIFT_ASSET_SYMBOL_EXTENSIONS = YES;
				CLANG_ANALYZER_NONNULL = YES;
				CLANG_ANALYZER_NUMBER_OBJECT_CONVERSION = YES_AGGRESSIVE;
				CLANG_CXX_LANGUAGE_STANDARD = "gnu++20";
				CLANG_ENABLE_MODULES = YES;
				CLANG_ENABLE_OBJC_ARC = YES;
				CLANG_ENABLE_OBJC_WEAK = YES;
				CLANG_WARN_BLOCK_CAPTURE_AUTORELEASING = YES;
				CLANG_WARN_BOOL_CONVERSION = YES;
				CLANG_WARN_COMMA = YES;
				CLANG_WARN_CONSTANT_CONVERSION = YES;
				CLANG_WARN_DEPRECATED_OBJC_IMPLEMENTATIONS = YES;
				CLANG_WARN_DIRECT_OBJC_ISA_USAGE = YES_ERROR;
				CLANG_WARN_DOCUMENTATION_COMMENTS = YES;
				CLANG_WARN_EMPTY_BODY = YES;
				CLANG_WARN_ENUM_CONVERSION = YES;
				CLANG_WARN_INFINITE_RECURSION = YES;
				CLANG_WARN_INT_CONVERSION = YES;
				CLANG_WARN_NON_LITERAL_NULL_CONVERSION = YES;
				CLANG_WARN_OBJC_IMPLICIT_RETAIN_SELF = YES;
				CLANG_WARN_OBJC_LITERAL_CONVERSION = YES;
				CLANG_WARN_OBJC_ROOT_CLASS = YES_ERROR;
				CLANG_WARN_QUOTED_INCLUDE_IN_FRAMEWORK_HEADER = YES;
				CLANG_WARN_RANGE_LOOP_ANALYSIS = YES;
				CLANG_WARN_STRICT_PROTOTYPES = YES;
				CLANG_WARN_SUSPICIOUS_MOVE = YES;
				CLANG_WARN_UNGUARDED_AVAILABILITY = YES_AGGRESSIVE;
				CLANG_WARN_UNREACHABLE_CODE = YES;
				CLANG_WARN__DUPLICATE_METHOD_MATCH = YES;
				COPY_PHASE_STRIP = NO;
				DEBUG_INFORMATION_FORMAT = "dwarf-with-dsym";
				ENABLE_NS_ASSERTIONS = NO;
				ENABLE_STRICT_OBJC_MSGSEND = YES;
				ENABLE_USER_SCRIPT_SANDBOXING = YES;
				GCC_C_LANGUAGE_STANDARD = gnu17;
				GCC_NO_COMMON_BLOCKS = YES;
				GCC_WARN_64_TO_32_BIT_CONVERSION = YES;
				GCC_WARN_ABOUT_RETURN_TYPE = YES_ERROR;
				GCC_WARN_UNDECLARED_SELECTOR = YES;
				GCC_WARN_UNINITIALIZED_AUTOS = YES_AGGRESSIVE;
				GCC_WARN_UNUSED_FUNCTION = YES;
				GCC_WARN_UNUSED_VARIABLE = YES;
				IPHONEOS_DEPLOYMENT_TARGET = 15.6;
				LOCALIZATION_PREFERS_STRING_CATALOGS = YES;
				MTL_ENABLE_DEBUG_INFO = NO;
				MTL_FAST_MATH = YES;
				SDKROOT = iphoneos;
				SWIFT_COMPILATION_MODE = wholemodule;
				VALIDATE_PRODUCT = YES;
			};
			name = Release;
		};
		72CED7D92AD66D24007DF702 /* Debug */ = {
			isa = XCBuildConfiguration;
			buildSettings = {
				ASSETCATALOG_COMPILER_APPICON_NAME = AppIcon;
				ASSETCATALOG_COMPILER_GLOBAL_ACCENT_COLOR_NAME = AccentColor;
				CODE_SIGN_STYLE = Automatic;
				CURRENT_PROJECT_VERSION = 1;
				DEVELOPMENT_ASSET_PATHS = "\"CalcLeo8Hr/Preview Content\"";
				DEVELOPMENT_TEAM = 38TY4TU89G;
				ENABLE_PREVIEWS = YES;
				GENERATE_INFOPLIST_FILE = YES;
				INFOPLIST_KEY_LSApplicationCategoryType = "public.app-category.utilities";
				INFOPLIST_KEY_UIApplicationSceneManifest_Generation = YES;
				INFOPLIST_KEY_UIApplicationSupportsIndirectInputEvents = YES;
				INFOPLIST_KEY_UILaunchScreen_Generation = YES;
				INFOPLIST_KEY_UISupportedInterfaceOrientations_iPad = "UIInterfaceOrientationPortrait UIInterfaceOrientationPortraitUpsideDown UIInterfaceOrientationLandscapeLeft UIInterfaceOrientationLandscapeRight";
				INFOPLIST_KEY_UISupportedInterfaceOrientations_iPhone = "UIInterfaceOrientationPortrait UIInterfaceOrientationLandscapeLeft UIInterfaceOrientationLandscapeRight";
				IPHONEOS_DEPLOYMENT_TARGET = 15.6;
				LD_RUNPATH_SEARCH_PATHS = (
					"$(inherited)",
					"@executable_path/Frameworks",
				);
				MARKETING_VERSION = 1.0;
				PRODUCT_BUNDLE_IDENTIFIER = com.coldpointblue.CalcLeo8Hr;
				PRODUCT_NAME = "$(TARGET_NAME)";
				SWIFT_EMIT_LOC_STRINGS = YES;
				SWIFT_VERSION = 5.0;
				TARGETED_DEVICE_FAMILY = "1,2";
			};
			name = Debug;
		};
		72CED7DA2AD66D24007DF702 /* Release */ = {
			isa = XCBuildConfiguration;
			buildSettings = {
				ASSETCATALOG_COMPILER_APPICON_NAME = AppIcon;
				ASSETCATALOG_COMPILER_GLOBAL_ACCENT_COLOR_NAME = AccentColor;
				CODE_SIGN_STYLE = Automatic;
				CURRENT_PROJECT_VERSION = 1;
				DEVELOPMENT_ASSET_PATHS = "\"CalcLeo8Hr/Preview Content\"";
				DEVELOPMENT_TEAM = 38TY4TU89G;
				ENABLE_PREVIEWS = YES;
				GENERATE_INFOPLIST_FILE = YES;
				INFOPLIST_KEY_LSApplicationCategoryType = "public.app-category.utilities";
				INFOPLIST_KEY_UIApplicationSceneManifest_Generation = YES;
				INFOPLIST_KEY_UIApplicationSupportsIndirectInputEvents = YES;
				INFOPLIST_KEY_UILaunchScreen_Generation = YES;
				INFOPLIST_KEY_UISupportedInterfaceOrientations_iPad = "UIInterfaceOrientationPortrait UIInterfaceOrientationPortraitUpsideDown UIInterfaceOrientationLandscapeLeft UIInterfaceOrientationLandscapeRight";
				INFOPLIST_KEY_UISupportedInterfaceOrientations_iPhone = "UIInterfaceOrientationPortrait UIInterfaceOrientationLandscapeLeft UIInterfaceOrientationLandscapeRight";
				IPHONEOS_DEPLOYMENT_TARGET = 15.6;
				LD_RUNPATH_SEARCH_PATHS = (
					"$(inherited)",
					"@executable_path/Frameworks",
				);
				MARKETING_VERSION = 1.0;
				PRODUCT_BUNDLE_IDENTIFIER = com.coldpointblue.CalcLeo8Hr;
				PRODUCT_NAME = "$(TARGET_NAME)";
				SWIFT_EMIT_LOC_STRINGS = YES;
				SWIFT_VERSION = 5.0;
				TARGETED_DEVICE_FAMILY = "1,2";
			};
			name = Release;
		};
		72CED7DC2AD66D24007DF702 /* Debug */ = {
			isa = XCBuildConfiguration;
			buildSettings = {
				ALWAYS_EMBED_SWIFT_STANDARD_LIBRARIES = YES;
				BUNDLE_LOADER = "$(TEST_HOST)";
				CODE_SIGN_STYLE = Automatic;
				CURRENT_PROJECT_VERSION = 1;
				DEVELOPMENT_TEAM = 38TY4TU89G;
				GENERATE_INFOPLIST_FILE = YES;
				IPHONEOS_DEPLOYMENT_TARGET = 15.6;
				MARKETING_VERSION = 1.0;
				PRODUCT_BUNDLE_IDENTIFIER = com.coldpointblue.CalcLeo8HrTests;
				PRODUCT_NAME = "$(TARGET_NAME)";
				SWIFT_EMIT_LOC_STRINGS = NO;
				SWIFT_VERSION = 5.0;
				TARGETED_DEVICE_FAMILY = "1,2";
				TEST_HOST = "$(BUILT_PRODUCTS_DIR)/CalcLeo8Hr.app/$(BUNDLE_EXECUTABLE_FOLDER_PATH)/CalcLeo8Hr";
			};
			name = Debug;
		};
		72CED7DD2AD66D24007DF702 /* Release */ = {
			isa = XCBuildConfiguration;
			buildSettings = {
				ALWAYS_EMBED_SWIFT_STANDARD_LIBRARIES = YES;
				BUNDLE_LOADER = "$(TEST_HOST)";
				CODE_SIGN_STYLE = Automatic;
				CURRENT_PROJECT_VERSION = 1;
				DEVELOPMENT_TEAM = 38TY4TU89G;
				GENERATE_INFOPLIST_FILE = YES;
				IPHONEOS_DEPLOYMENT_TARGET = 15.6;
				MARKETING_VERSION = 1.0;
				PRODUCT_BUNDLE_IDENTIFIER = com.coldpointblue.CalcLeo8HrTests;
				PRODUCT_NAME = "$(TARGET_NAME)";
				SWIFT_EMIT_LOC_STRINGS = NO;
				SWIFT_VERSION = 5.0;
				TARGETED_DEVICE_FAMILY = "1,2";
				TEST_HOST = "$(BUILT_PRODUCTS_DIR)/CalcLeo8Hr.app/$(BUNDLE_EXECUTABLE_FOLDER_PATH)/CalcLeo8Hr";
			};
			name = Release;
		};
		72CED7DF2AD66D24007DF702 /* Debug */ = {
			isa = XCBuildConfiguration;
			buildSettings = {
				ALWAYS_EMBED_SWIFT_STANDARD_LIBRARIES = YES;
				CODE_SIGN_STYLE = Automatic;
				CURRENT_PROJECT_VERSION = 1;
				DEVELOPMENT_TEAM = 38TY4TU89G;
				GENERATE_INFOPLIST_FILE = YES;
				IPHONEOS_DEPLOYMENT_TARGET = 15.6;
				MARKETING_VERSION = 1.0;
				PRODUCT_BUNDLE_IDENTIFIER = com.coldpointblue.CalcLeo8HrUITests;
				PRODUCT_NAME = "$(TARGET_NAME)";
				SWIFT_EMIT_LOC_STRINGS = NO;
				SWIFT_VERSION = 5.0;
				TARGETED_DEVICE_FAMILY = "1,2";
				TEST_TARGET_NAME = CalcLeo8Hr;
			};
			name = Debug;
		};
		72CED7E02AD66D24007DF702 /* Release */ = {
			isa = XCBuildConfiguration;
			buildSettings = {
				ALWAYS_EMBED_SWIFT_STANDARD_LIBRARIES = YES;
				CODE_SIGN_STYLE = Automatic;
				CURRENT_PROJECT_VERSION = 1;
				DEVELOPMENT_TEAM = 38TY4TU89G;
				GENERATE_INFOPLIST_FILE = YES;
				IPHONEOS_DEPLOYMENT_TARGET = 15.6;
				MARKETING_VERSION = 1.0;
				PRODUCT_BUNDLE_IDENTIFIER = com.coldpointblue.CalcLeo8HrUITests;
				PRODUCT_NAME = "$(TARGET_NAME)";
				SWIFT_EMIT_LOC_STRINGS = NO;
				SWIFT_VERSION = 5.0;
				TARGETED_DEVICE_FAMILY = "1,2";
				TEST_TARGET_NAME = CalcLeo8Hr;
			};
			name = Release;
		};
/* End XCBuildConfiguration section */

/* Begin XCConfigurationList section */
		72CED7AF2AD66D23007DF702 /* Build configuration list for PBXProject "CalcLeo8Hr" */ = {
			isa = XCConfigurationList;
			buildConfigurations = (
				72CED7D62AD66D24007DF702 /* Debug */,
				72CED7D72AD66D24007DF702 /* Release */,
			);
			defaultConfigurationIsVisible = 0;
			defaultConfigurationName = Release;
		};
		72CED7D82AD66D24007DF702 /* Build configuration list for PBXNativeTarget "CalcLeo8Hr" */ = {
			isa = XCConfigurationList;
			buildConfigurations = (
				72CED7D92AD66D24007DF702 /* Debug */,
				72CED7DA2AD66D24007DF702 /* Release */,
			);
			defaultConfigurationIsVisible = 0;
			defaultConfigurationName = Release;
		};
		72CED7DB2AD66D24007DF702 /* Build configuration list for PBXNativeTarget "CalcLeo8HrTests" */ = {
			isa = XCConfigurationList;
			buildConfigurations = (
				72CED7DC2AD66D24007DF702 /* Debug */,
				72CED7DD2AD66D24007DF702 /* Release */,
			);
			defaultConfigurationIsVisible = 0;
			defaultConfigurationName = Release;
		};
		72CED7DE2AD66D24007DF702 /* Build configuration list for PBXNativeTarget "CalcLeo8HrUITests" */ = {
			isa = XCConfigurationList;
			buildConfigurations = (
				72CED7DF2AD66D24007DF702 /* Debug */,
				72CED7E02AD66D24007DF702 /* Release */,
			);
			defaultConfigurationIsVisible = 0;
			defaultConfigurationName = Release;
		};
/* End XCConfigurationList section */
	};
	rootObject = 72CED7AC2AD66D23007DF702 /* Project object */;
}
